{
  "nodes": {
    "luna-kernel": {
      "flake": false,
      "locked": {
        "lastModified": 1781075944,
        "narHash": "sha256-4CJNhV5IoXya0iEVtK24Nm1kZaocqPRsbLp9O311OpA=",
        "ref": "refs/heads/main",
        "rev": "bec8a89462348a03bb478bd197684e03b974c883",
        "revCount": 1,
        "type": "git",
        "url": "file:///home/potato/work-code/linux-master"
      },
      "original": {
        "type": "git",
        "url": "file:///home/potato/work-code/linux-master"
      }
    },
    "nixpkgs": {
      "locked": {
        "lastModified": 1780749050,
        "narHash": "sha256-3av0pIjlOWQ6rDbNOmpUSvbNnJkGORQKKjb4LtCZsIY=",
        "owner": "NixOS",
        "repo": "nixpkgs",
        "rev": "a799d3e3886da994fa307f817a6bc705ae538eeb",
        "type": "github"
      },
      "original": {
        "owner": "NixOS",
        "ref": "nixos-unstable",
        "repo": "nixpkgs",
        "type": "github"
      }
    },
    "root": {
      "inputs": {
        "luna-kernel": "luna-kernel",
        "nixpkgs": "nixpkgs"
      }
    }
  },
  "root": "root",
  "version": 7
}
